{
  "lockfileVersion": 1,
  "configVersion": 1,
  "workspaces": {
    "": {
      "name": "my-turborepo",
      "devDependencies": {
        "turbo": "^2.7.5",
      },
    },
    "apps/app-a": {
      "name": "app-a",
      "dependencies": {
        "pkg-a": "*",
        "tooling-config": "*",
      },
    },
    "apps/app-b": {
      "name": "app-b",
      "dependencies": {
        "tooling-config": "*",
      },
    },
    "packages/pkg-a": {
      "name": "pkg-a",
      "dependencies": {
        "tooling-config": "*",
      },
    },
    "packages/pkg-b": {
      "name": "pkg-b",
      "dependencies": {
        "tooling-config": "*",
      },
    },
    "packages/tooling-config": {
      "name": "tooling-config",
    },
  },
  "packages": {
    "app-a": ["app-a@workspace:apps/app-a"],

    "app-b": ["app-b@workspace:apps/app-b"],

    "pkg-a": ["pkg-a@workspace:packages/pkg-a"],

    "pkg-b": ["pkg-b@workspace:packages/pkg-b"],

    "tooling-config": ["tooling-config@workspace:packages/tooling-config"],

    "turbo": ["turbo@2.7.5", "", { "optionalDependencies": { "turbo-darwin-64": "2.7.5", "turbo-darwin-arm64": "2.7.5", "turbo-linux-64": "2.7.5", "turbo-linux-arm64": "2.7.5", "turbo-windows-64": "2.7.5", "turbo-windows-arm64": "2.7.5" }, "bin": { "turbo": "bin/turbo" } }, "sha512-7Imdmg37joOloTnj+DPrab9hIaQcDdJ5RwSzcauo/wMOSAgO+A/I/8b3hsGGs6PWQz70m/jkPgdqWsfNKtwwDQ=="],

    "turbo-darwin-64": ["turbo-darwin-64@2.7.5", "", { "os": "darwin", "cpu": "x64" }, "sha512-nN3wfLLj4OES/7awYyyM7fkU8U8sAFxsXau2bYJwAWi6T09jd87DgHD8N31zXaJ7LcpyppHWPRI2Ov9MuZEwnQ=="],

    "turbo-darwin-arm64": ["turbo-darwin-arm64@2.7.5", "", { "os": "darwin", "cpu": "arm64" }, "sha512-wCoDHMiTf3FgLAbZHDDx/unNNonSGhsF5AbbYODbxnpYyoKDpEYacUEPjZD895vDhNvYCH0Nnk24YsP4n/cD6g=="],

    "turbo-linux-64": ["turbo-linux-64@2.7.5", "", { "os": "linux", "cpu": "x64" }, "sha512-KKPvhOmJMmzWj/yjeO4LywkQ85vOJyhru7AZk/+c4B6OUh/odQ++SiIJBSbTG2lm1CuV5gV5vXZnf/2AMlu3Zg=="],

    "turbo-linux-arm64": ["turbo-linux-arm64@2.7.5", "", { "os": "linux", "cpu": "arm64" }, "sha512-8PIva4L6BQhiPikUTds9lSFSHXVDAsEvV6QUlgwPsXrtXVQMVi6Sv9p+IxtlWQFvGkdYJUgX9GnK2rC030Xcmw=="],

    "turbo-windows-64": ["turbo-windows-64@2.7.5", "", { "os": "win32", "cpu": "x64" }, "sha512-rupskv/mkIUgQXzX/wUiK00mKMorQcK8yzhGFha/D5lm05FEnLx8dsip6rWzMcVpvh+4GUMA56PgtnOgpel2AA=="],

    "turbo-windows-arm64": ["turbo-windows-arm64@2.7.5", "", { "os": "win32", "cpu": "arm64" }, "sha512-G377Gxn6P42RnCzfMyDvsqQV7j69kVHKlhz9J4RhtJOB5+DyY4yYh/w0oTIxZQ4JRMmhjwLu3w9zncMoQ6nNDw=="],
  }
}
